PODS:
  - Alamofire (5.4.0)
  - Kingfisher/Core (5.15.8)
  - Kingfisher/SwiftUI (5.15.8):
    - Kingfisher/Core
  - Realm (10.1.2):
    - Realm/Headers (= 10.1.2)
  - Realm/Headers (10.1.2)
  - RealmSwift (10.1.2):
    - Realm (= 10.1.2)
  - SwiftLint (0.39.2)

DEPENDENCIES:
  - Alamofire (~> 5.2)
  - Kingfisher/SwiftUI (~> 5.15.3)
  - Realm (= 10.1.2)
  - RealmSwift (= 10.1.2)
  - SwiftLint (~> 0.39.0)

SPEC REPOS:
  trunk:
    - Alamofire
    - Kingfisher
    - Realm
    - RealmSwift
    - SwiftLint

SPEC CHECKSUMS:
  Alamofire: 3b6a534a3df22db367e4dedeeca73d1ddfcf0e2f
  Kingfisher: a3c03d702433fa6cfedabb2bddbe076fb8f2e902
  Realm: 031fdd4be7094d01b43af1a5e49766ab644bb800
  RealmSwift: 43cf2e114baa9d17d34eb81e7d0def31f21cd444
  SwiftLint: 22ccbbe3b8008684be5955693bab135e0ed6a447

PODFILE CHECKSUM: a062264e539ab6012c29872a77214e15951ff053

COCOAPODS: 1.10.0
